Microsoft Visual Studio Solution File, Format Version 12.00
# Visual Studio Version 17
VisualStudioVersion = 17.5.2.0
MinimumVisualStudioVersion = 10.0.40219.1
Project("{FAE04EC0-301F-11D3-BF4B-00C04F79EFBC}") = "ElectronicPayments", "ElectronicPayments.csproj", "{990271B5-C410-99A5-D45B-8CC541E567EC}"
EndProject
Global
	GlobalSection(SolutionConfigurationPlatforms) = preSolution
		Debug|Any CPU = Debug|Any CPU
		Release|Any CPU = Release|Any CPU
	EndGlobalSection
	GlobalSection(ProjectConfigurationPlatforms) = postSolution
		{990271B5-C410-99A5-D45B-8CC541E567EC}.Debug|Any CPU.ActiveCfg = Debug|Any CPU
		{990271B5-C410-99A5-D45B-8CC541E567EC}.Debug|Any CPU.Build.0 = Debug|Any CPU
		{990271B5-C410-99A5-D45B-8CC541E567EC}.Release|Any CPU.ActiveCfg = Release|Any CPU
		{990271B5-C410-99A5-D45B-8CC541E567EC}.Release|Any CPU.Build.0 = Release|Any CPU
	EndGlobalSection
	GlobalSection(SolutionProperties) = preSolution
		HideSolutionNode = FALSE
	EndGlobalSection
	GlobalSection(ExtensibilityGlobals) = postSolution
		SolutionGuid = {464CE5CA-946E-4329-B8F5-FE55CC37C48C}
	EndGlobalSection
EndGlobal
